// !$*UTF8*$!
{
	archiveVersion = 1;
	classes = {
	};
	objectVersion = 77;
	objects = {

/* Begin PBXContainerItemProxy section */
		43C21A702D3D3F47005FF689 /* PBXContainerItemProxy */ = {
			isa = PBXContainerItemProxy;
			containerPortal = 43C21A572D3D3F46005FF689 /* Project object */;
			proxyType = 1;
			remoteGlobalIDString = 43C21A5E2D3D3F46005FF689;
			remoteInfo = SpeakAppDemo;
		};
		43C21A7A2D3D3F47005FF689 /* PBXContainerItemProxy */ = {
			isa = PBXContainerItemProxy;
			containerPortal = 43C21A572D3D3F46005FF689 /* Project object */;
			proxyType = 1;
			remoteGlobalIDString = 43C21A5E2D3D3F46005FF689;
			remoteInfo = SpeakAppDemo;
		};
/* End PBXContainerItemProxy section */

/* Begin PBXFileReference section */
		43C21A5F2D3D3F46005FF689 /* SpeakAppDemo.app */ = {isa = PBXFileReference; explicitFileType = wrapper.application; includeInIndex = 0; path = SpeakAppDemo.app; sourceTree = BUILT_PRODUCTS_DIR; };
		43C21A6F2D3D3F47005FF689 /* SpeakAppDemoTests.xctest */ = {isa = PBXFileReference; explicitFileType = wrapper.cfbundle; includeInIndex = 0; path = SpeakAppDemoTests.xctest; sourceTree = BUILT_PRODUCTS_DIR; };
		43C21A792D3D3F47005FF689 /* SpeakAppDemoUITests.xctest */ = {isa = PBXFileReference; explicitFileType = wrapper.cfbundle; includeInIndex = 0; path = SpeakAppDemoUITests.xctest; sourceTree = BUILT_PRODUCTS_DIR; };
/* End PBXFileReference section */

/* Begin PBXFileSystemSynchronizedRootGroup section */
		43C21A612D3D3F46005FF689 /* SpeakAppDemo */ = {
			isa = PBXFileSystemSynchronizedRootGroup;
			path = SpeakAppDemo;
			sourceTree = "<group>";
		};
		43C21A722D3D3F47005FF689 /* SpeakAppDemoTests */ = {
			isa = PBXFileSystemSynchronizedRootGroup;
			path = SpeakAppDemoTests;
			sourceTree = "<group>";
		};
		43C21A7C2D3D3F47005FF689 /* SpeakAppDemoUITests */ = {
			isa = PBXFileSystemSynchronizedRootGroup;
			path = SpeakAppDemoUITests;
			sourceTree = "<group>";
		};
/* End PBXFileSystemSynchronizedRootGroup section */

/* Begin PBXFrameworksBuildPhase section */
		43C21A5C2D3D3F46005FF689 /* Frameworks */ = {
			isa = PBXFrameworksBuildPhase;
			buildActionMask = 2147483647;
			files = (
			);
			runOnlyForDeploymentPostprocessing = 0;
		};
		43C21A6C2D3D3F47005FF689 /* Frameworks */ = {
			isa = PBXFrameworksBuildPhase;
			buildActionMask = 2147483647;
			files = (
			);
			runOnlyForDeploymentPostprocessing = 0;
		};
		43C21A762D3D3F47005FF689 /* Frameworks */ = {
			isa = PBXFrameworksBuildPhase;
			buildActionMask = 2147483647;
			files = (
			);
			runOnlyForDeploymentPostprocessing = 0;
		};
/* End PBXFrameworksBuildPhase section */

/* Begin PBXGroup section */
		43C21A562D3D3F46005FF689 = {
			isa = PBXGroup;
			children = (
				43C21A612D3D3F46005FF689 /* SpeakAppDemo */,
				43C21A722D3D3F47005FF689 /* SpeakAppDemoTests */,
				43C21A7C2D3D3F47005FF689 /* SpeakAppDemoUITests */,
				43C21A602D3D3F46005FF689 /* Products */,
			);
			sourceTree = "<group>";
		};
		43C21A602D3D3F46005FF689 /* Products */ = {
			isa = PBXGroup;
			children = (
				43C21A5F2D3D3F46005FF689 /* SpeakAppDemo.app */,
				43C21A6F2D3D3F47005FF689 /* SpeakAppDemoTests.xctest */,
				43C21A792D3D3F47005FF689 /* SpeakAppDemoUITests.xctest */,
			);
			name = Products;
			sourceTree = "<group>";
		};
/* End PBXGroup section */

/* Begin PBXNativeTarget section */
		43C21A5E2D3D3F46005FF689 /* SpeakAppDemo */ = {
			isa = PBXNativeTarget;
			buildConfigurationList = 43C21A832D3D3F48005FF689 /* Build configuration list for PBXNativeTarget "SpeakAppDemo" */;
			buildPhases = (
				43C21A5B2D3D3F46005FF689 /* Sources */,
				43C21A5C2D3D3F46005FF689 /* Frameworks */,
				43C21A5D2D3D3F46005FF689 /* Resources */,
			);
			buildRules = (
			);
			dependencies = (
			);
			fileSystemSynchronizedGroups = (
				43C21A612D3D3F46005FF689 /* SpeakAppDemo */,
			);
			name = SpeakAppDemo;
			packageProductDependencies = (
			);
			productName = SpeakAppDemo;
			productReference = 43C21A5F2D3D3F46005FF689 /* SpeakAppDemo.app */;
			productType = "com.apple.product-type.application";
		};
		43C21A6E2D3D3F47005FF689 /* SpeakAppDemoTests */ = {
			isa = PBXNativeTarget;
			buildConfigurationList = 43C21A862D3D3F48005FF689 /* Build configuration list for PBXNativeTarget "SpeakAppDemoTests" */;
			buildPhases = (
				43C21A6B2D3D3F47005FF689 /* Sources */,
				43C21A6C2D3D3F47005FF689 /* Frameworks */,
				43C21A6D2D3D3F47005FF689 /* Resources */,
			);
			buildRules = (
			);
			dependencies = (
				43C21A712D3D3F47005FF689 /* PBXTargetDependency */,
			);
			fileSystemSynchronizedGroups = (
				43C21A722D3D3F47005FF689 /* SpeakAppDemoTests */,
			);
			name = SpeakAppDemoTests;
			packageProductDependencies = (
			);
			productName = SpeakAppDemoTests;
			productReference = 43C21A6F2D3D3F47005FF689 /* SpeakAppDemoTests.xctest */;
			productType = "com.apple.product-type.bundle.unit-test";
		};
		43C21A782D3D3F47005FF689 /* SpeakAppDemoUITests */ = {
			isa = PBXNativeTarget;
			buildConfigurationList = 43C21A892D3D3F48005FF689 /* Build configuration list for PBXNativeTarget "SpeakAppDemoUITests" */;
			buildPhases = (
				43C21A752D3D3F47005FF689 /* Sources */,
				43C21A762D3D3F47005FF689 /* Frameworks */,
				43C21A772D3D3F47005FF689 /* Resources */,
			);
			buildRules = (
			);
			dependencies = (
				43C21A7B2D3D3F47005FF689 /* PBXTargetDependency */,
			);
			fileSystemSynchronizedGroups = (
				43C21A7C2D3D3F47005FF689 /* SpeakAppDemoUITests */,
			);
			name = SpeakAppDemoUITests;
			packageProductDependencies = (
			);
			productName = SpeakAppDemoUITests;
			productReference = 43C21A792D3D3F47005FF689 /* SpeakAppDemoUITests.xctest */;
			productType = "com.apple.product-type.bundle.ui-testing";
		};
/* End PBXNativeTarget section */

/* Begin PBXProject section */
		43C21A572D3D3F46005FF689 /* Project object */ = {
			isa = PBXProject;
			attributes = {
				BuildIndependentTargetsInParallel = 1;
				LastSwiftUpdateCheck = 1610;
				LastUpgradeCheck = 1610;
				TargetAttributes = {
					43C21A5E2D3D3F46005FF689 = {
						CreatedOnToolsVersion = 16.1;
					};
					43C21A6E2D3D3F47005FF689 = {
						CreatedOnToolsVersion = 16.1;
						TestTargetID = 43C21A5E2D3D3F46005FF689;
					};
					43C21A782D3D3F47005FF689 = {
						CreatedOnToolsVersion = 16.1;
						TestTargetID = 43C21A5E2D3D3F46005FF689;
					};
				};
			};
			buildConfigurationList = 43C21A5A2D3D3F46005FF689 /* Build configuration list for PBXProject "SpeakAppDemo" */;
			developmentRegion = en;
			hasScannedForEncodings = 0;
			knownRegions = (
				en,
				Base,
			);
			mainGroup = 43C21A562D3D3F46005FF689;
			minimizedProjectReferenceProxies = 1;
			preferredProjectObjectVersion = 77;
			productRefGroup = 43C21A602D3D3F46005FF689 /* Products */;
			projectDirPath = "";
			projectRoot = "";
			targets = (
				43C21A5E2D3D3F46005FF689 /* SpeakAppDemo */,
				43C21A6E2D3D3F47005FF689 /* SpeakAppDemoTests */,
				43C21A782D3D3F47005FF689 /* SpeakAppDemoUITests */,
			);
		};
/* End PBXProject section */

/* Begin PBXResourcesBuildPhase section */
		43C21A5D2D3D3F46005FF689 /* Resources */ = {
			isa = PBXResourcesBuildPhase;
			buildActionMask = 2147483647;
			files = (
			);
			runOnlyForDeploymentPostprocessing = 0;
		};
		43C21A6D2D3D3F47005FF689 /* Resources */ = {
			isa = PBXResourcesBuildPhase;
			buildActionMask = 2147483647;
			files = (
			);
			runOnlyForDeploymentPostprocessing = 0;
		};
		43C21A772D3D3F47005FF689 /* Resources */ = {
			isa = PBXResourcesBuildPhase;
			buildActionMask = 2147483647;
			files = (
			);
			runOnlyForDeploymentPostprocessing = 0;
		};
/* End PBXResourcesBuildPhase section */

/* Begin PBXSourcesBuildPhase section */
		43C21A5B2D3D3F46005FF689 /* Sources */ = {
			isa = PBXSourcesBuildPhase;
			buildActionMask = 2147483647;
			files = (
			);
			runOnlyForDeploymentPostprocessing = 0;
		};
		43C21A6B2D3D3F47005FF689 /* Sources */ = {
			isa = PBXSourcesBuildPhase;
			buildActionMask = 2147483647;
			files = (
			);
			runOnlyForDeploymentPostprocessing = 0;
		};
		43C21A752D3D3F47005FF689 /* Sources */ = {
			isa = PBXSourcesBuildPhase;
			buildActionMask = 2147483647;
			files = (
			);
			runOnlyForDeploymentPostprocessing = 0;
		};
/* End PBXSourcesBuildPhase section */

/* Begin PBXTargetDependency section */
		43C21A712D3D3F47005FF689 /* PBXTargetDependency */ = {
			isa = PBXTargetDependency;
			target = 43C21A5E2D3D3F46005FF689 /* SpeakAppDemo */;
			targetProxy = 43C21A702D3D3F47005FF689 /* PBXContainerItemProxy */;
		};
		43C21A7B2D3D3F47005FF689 /* PBXTargetDependency */ = {
			isa = PBXTargetDependency;
			target = 43C21A5E2D3D3F46005FF689 /* SpeakAppDemo */;
			targetProxy = 43C21A7A2D3D3F47005FF689 /* PBXContainerItemProxy */;
		};
/* End PBXTargetDependency section */

/* Begin XCBuildConfiguration section */
		43C21A812D3D3F48005FF689 /* Debug */ = {
			isa = XCBuildConfiguration;
			buildSettings = {
				ALWAYS_SEARCH_USER_PATHS = NO;
				ASSETCATALOG_COMPILER_GENERATE_SWIFT_ASSET_SYMBOL_EXTENSIONS = YES;
				CLANG_ANALYZER_NONNULL = YES;
				CLANG_ANALYZER_NUMBER_OBJECT_CONVERSION = YES_AGGRESSIVE;
				CLANG_CXX_LANGUAGE_STANDARD = "gnu++20";
				CLANG_ENABLE_MODULES = YES;
				CLANG_ENABLE_OBJC_ARC = YES;
				CLANG_ENABLE_OBJC_WEAK = YES;
				CLANG_WARN_BLOCK_CAPTURE_AUTORELEASING = YES;
				CLANG_WARN_BOOL_CONVERSION = YES;
				CLANG_WARN_COMMA = YES;
				CLANG_WARN_CONSTANT_CONVERSION = YES;
				CLANG_WARN_DEPRECATED_OBJC_IMPLEMENTATIONS = YES;
				CLANG_WARN_DIRECT_OBJC_ISA_USAGE = YES_ERROR;
				CLANG_WARN_DOCUMENTATION_COMMENTS = YES;
				CLANG_WARN_EMPTY_BODY = YES;
				CLANG_WARN_ENUM_CONVERSION = YES;
				CLANG_WARN_INFINITE_RECURSION = YES;
				CLANG_WARN_INT_CONVERSION = YES;
				CLANG_WARN_NON_LITERAL_NULL_CONVERSION = YES;
				CLANG_WARN_OBJC_IMPLICIT_RETAIN_SELF = YES;
				CLANG_WARN_OBJC_LITERAL_CONVERSION = YES;
				CLANG_WARN_OBJC_ROOT_CLASS = YES_ERROR;
				CLANG_WARN_QUOTED_INCLUDE_IN_FRAMEWORK_HEADER = YES;
				CLANG_WARN_RANGE_LOOP_ANALYSIS = YES;
				CLANG_WARN_STRICT_PROTOTYPES = YES;
				CLANG_WARN_SUSPICIOUS_MOVE = YES;
				CLANG_WARN_UNGUARDED_AVAILABILITY = YES_AGGRESSIVE;
				CLANG_WARN_UNREACHABLE_CODE = YES;
				CLANG_WARN__DUPLICATE_METHOD_MATCH = YES;
				COPY_PHASE_STRIP = NO;
				DEBUG_INFORMATION_FORMAT = dwarf;
				ENABLE_STRICT_OBJC_MSGSEND = YES;
				ENABLE_TESTABILITY = YES;
				ENABLE_USER_SCRIPT_SANDBOXING = YES;
				GCC_C_LANGUAGE_STANDARD = gnu17;
				GCC_DYNAMIC_NO_PIC = NO;
				GCC_NO_COMMON_BLOCKS = YES;
				GCC_OPTIMIZATION_LEVEL = 0;
				GCC_PREPROCESSOR_DEFINITIONS = (
					"DEBUG=1",
					"$(inherited)",
				);
				GCC_WARN_64_TO_32_BIT_CONVERSION = YES;
				GCC_WARN_ABOUT_RETURN_TYPE = YES_ERROR;
				GCC_WARN_UNDECLARED_SELECTOR = YES;
				GCC_WARN_UNINITIALIZED_AUTOS = YES_AGGRESSIVE;
				GCC_WARN_UNUSED_FUNCTION = YES;
				GCC_WARN_UNUSED_VARIABLE = YES;
				IPHONEOS_DEPLOYMENT_TARGET = 18.1;
				LOCALIZATION_PREFERS_STRING_CATALOGS = YES;
				MTL_ENABLE_DEBUG_INFO = INCLUDE_SOURCE;
				MTL_FAST_MATH = YES;
				ONLY_ACTIVE_ARCH = YES;
				SDKROOT = iphoneos;
				SWIFT_ACTIVE_COMPILATION_CONDITIONS = "DEBUG $(inherited)";
				SWIFT_OPTIMIZATION_LEVEL = "-Onone";
			};
			name = Debug;
		};
		43C21A822D3D3F48005FF689 /* Release */ = {
			isa = XCBuildConfiguration;
			buildSettings = {
				ALWAYS_SEARCH_USER_PATHS = NO;
				ASSETCATALOG_COMPILER_GENERATE_SWIFT_ASSET_SYMBOL_EXTENSIONS = YES;
				CLANG_ANALYZER_NONNULL = YES;
				CLANG_ANALYZER_NUMBER_OBJECT_CONVERSION = YES_AGGRESSIVE;
				CLANG_CXX_LANGUAGE_STANDARD = "gnu++20";
				CLANG_ENABLE_MODULES = YES;
				CLANG_ENABLE_OBJC_ARC = YES;
				CLANG_ENABLE_OBJC_WEAK = YES;
				CLANG_WARN_BLOCK_CAPTURE_AUTORELEASING = YES;
				CLANG_WARN_BOOL_CONVERSION = YES;
				CLANG_WARN_COMMA = YES;
				CLANG_WARN_CONSTANT_CONVERSION = YES;
				CLANG_WARN_DEPRECATED_OBJC_IMPLEMENTATIONS = YES;
				CLANG_WARN_DIRECT_OBJC_ISA_USAGE = YES_ERROR;
				CLANG_WARN_DOCUMENTATION_COMMENTS = YES;
				CLANG_WARN_EMPTY_BODY = YES;
				CLANG_WARN_ENUM_CONVERSION = YES;
				CLANG_WARN_INFINITE_RECURSION = YES;
				CLANG_WARN_INT_CONVERSION = YES;
				CLANG_WARN_NON_LITERAL_NULL_CONVERSION = YES;
				CLANG_WARN_OBJC_IMPLICIT_RETAIN_SELF = YES;
				CLANG_WARN_OBJC_LITERAL_CONVERSION = YES;
				CLANG_WARN_OBJC_ROOT_CLASS = YES_ERROR;
				CLANG_WARN_QUOTED_INCLUDE_IN_FRAMEWORK_HEADER = YES;
				CLANG_WARN_RANGE_LOOP_ANALYSIS = YES;
				CLANG_WARN_STRICT_PROTOTYPES = YES;
				CLANG_WARN_SUSPICIOUS_MOVE = YES;
				CLANG_WARN_UNGUARDED_AVAILABILITY = YES_AGGRESSIVE;
				CLANG_WARN_UNREACHABLE_CODE = YES;
				CLANG_WARN__DUPLICATE_METHOD_MATCH = YES;
				COPY_PHASE_STRIP = NO;
				DEBUG_INFORMATION_FORMAT = "dwarf-with-dsym";
				ENABLE_NS_ASSERTIONS = NO;
				ENABLE_STRICT_OBJC_MSGSEND = YES;
				ENABLE_USER_SCRIPT_SANDBOXING = YES;
				GCC_C_LANGUAGE_STANDARD = gnu17;
				GCC_NO_COMMON_BLOCKS = YES;
				GCC_WARN_64_TO_32_BIT_CONVERSION = YES;
				GCC_WARN_ABOUT_RETURN_TYPE = YES_ERROR;
				GCC_WARN_UNDECLARED_SELECTOR = YES;
				GCC_WARN_UNINITIALIZED_AUTOS = YES_AGGRESSIVE;
				GCC_WARN_UNUSED_FUNCTION = YES;
				GCC_WARN_UNUSED_VARIABLE = YES;
				IPHONEOS_DEPLOYMENT_TARGET = 18.1;
				LOCALIZATION_PREFERS_STRING_CATALOGS = YES;
				MTL_ENABLE_DEBUG_INFO = NO;
				MTL_FAST_MATH = YES;
				SDKROOT = iphoneos;
				SWIFT_COMPILATION_MODE = wholemodule;
				VALIDATE_PRODUCT = YES;
			};
			name = Release;
		};
		43C21A842D3D3F48005FF689 /* Debug */ = {
			isa = XCBuildConfiguration;
			buildSettings = {
				ASSETCATALOG_COMPILER_APPICON_NAME = AppIcon;
				ASSETCATALOG_COMPILER_GLOBAL_ACCENT_COLOR_NAME = AccentColor;
				CODE_SIGN_STYLE = Automatic;
				CURRENT_PROJECT_VERSION = 1;
				DEVELOPMENT_ASSET_PATHS = "\"SpeakAppDemo/Preview Content\"";
				ENABLE_PREVIEWS = YES;
				GENERATE_INFOPLIST_FILE = YES;
				INFOPLIST_KEY_UIApplicationSceneManifest_Generation = YES;
				INFOPLIST_KEY_UIApplicationSupportsIndirectInputEvents = YES;
				INFOPLIST_KEY_UILaunchScreen_Generation = YES;
				INFOPLIST_KEY_UISupportedInterfaceOrientations_iPad = "UIInterfaceOrientationPortrait UIInterfaceOrientationPortraitUpsideDown UIInterfaceOrientationLandscapeLeft UIInterfaceOrientationLandscapeRight";
				INFOPLIST_KEY_UISupportedInterfaceOrientations_iPhone = "UIInterfaceOrientationPortrait UIInterfaceOrientationLandscapeLeft UIInterfaceOrientationLandscapeRight";
				LD_RUNPATH_SEARCH_PATHS = (
					"$(inherited)",
					"@executable_path/Frameworks",
				);
				MARKETING_VERSION = 1.0;
				PRODUCT_BUNDLE_IDENTIFIER = morevsavva.SpeakAppDemo;
				PRODUCT_NAME = "$(TARGET_NAME)";
				SWIFT_EMIT_LOC_STRINGS = YES;
				SWIFT_VERSION = 5.0;
				TARGETED_DEVICE_FAMILY = "1,2";
			};
			name = Debug;
		};
		43C21A852D3D3F48005FF689 /* Release */ = {
			isa = XCBuildConfiguration;
			buildSettings = {
				ASSETCATALOG_COMPILER_APPICON_NAME = AppIcon;
				ASSETCATALOG_COMPILER_GLOBAL_ACCENT_COLOR_NAME = AccentColor;
				CODE_SIGN_STYLE = Automatic;
				CURRENT_PROJECT_VERSION = 1;
				DEVELOPMENT_ASSET_PATHS = "\"SpeakAppDemo/Preview Content\"";
				ENABLE_PREVIEWS = YES;
				GENERATE_INFOPLIST_FILE = YES;
				INFOPLIST_KEY_UIApplicationSceneManifest_Generation = YES;
				INFOPLIST_KEY_UIApplicationSupportsIndirectInputEvents = YES;
				INFOPLIST_KEY_UILaunchScreen_Generation = YES;
				INFOPLIST_KEY_UISupportedInterfaceOrientations_iPad = "UIInterfaceOrientationPortrait UIInterfaceOrientationPortraitUpsideDown UIInterfaceOrientationLandscapeLeft UIInterfaceOrientationLandscapeRight";
				INFOPLIST_KEY_UISupportedInterfaceOrientations_iPhone = "UIInterfaceOrientationPortrait UIInterfaceOrientationLandscapeLeft UIInterfaceOrientationLandscapeRight";
				LD_RUNPATH_SEARCH_PATHS = (
					"$(inherited)",
					"@executable_path/Frameworks",
				);
				MARKETING_VERSION = 1.0;
				PRODUCT_BUNDLE_IDENTIFIER = morevsavva.SpeakAppDemo;
				PRODUCT_NAME = "$(TARGET_NAME)";
				SWIFT_EMIT_LOC_STRINGS = YES;
				SWIFT_VERSION = 5.0;
				TARGETED_DEVICE_FAMILY = "1,2";
			};
			name = Release;
		};
		43C21A872D3D3F48005FF689 /* Debug */ = {
			isa = XCBuildConfiguration;
			buildSettings = {
				BUNDLE_LOADER = "$(TEST_HOST)";
				CODE_SIGN_STYLE = Automatic;
				CURRENT_PROJECT_VERSION = 1;
				GENERATE_INFOPLIST_FILE = YES;
				IPHONEOS_DEPLOYMENT_TARGET = 18.1;
				MARKETING_VERSION = 1.0;
				PRODUCT_BUNDLE_IDENTIFIER = morevsavva.SpeakAppDemoTests;
				PRODUCT_NAME = "$(TARGET_NAME)";
				SWIFT_EMIT_LOC_STRINGS = NO;
				SWIFT_VERSION = 5.0;
				TARGETED_DEVICE_FAMILY = "1,2";
				TEST_HOST = "$(BUILT_PRODUCTS_DIR)/SpeakAppDemo.app/$(BUNDLE_EXECUTABLE_FOLDER_PATH)/SpeakAppDemo";
			};
			name = Debug;
		};
		43C21A882D3D3F48005FF689 /* Release */ = {
			isa = XCBuildConfiguration;
			buildSettings = {
				BUNDLE_LOADER = "$(TEST_HOST)";
				CODE_SIGN_STYLE = Automatic;
				CURRENT_PROJECT_VERSION = 1;
				GENERATE_INFOPLIST_FILE = YES;
				IPHONEOS_DEPLOYMENT_TARGET = 18.1;
				MARKETING_VERSION = 1.0;
				PRODUCT_BUNDLE_IDENTIFIER = morevsavva.SpeakAppDemoTests;
				PRODUCT_NAME = "$(TARGET_NAME)";
				SWIFT_EMIT_LOC_STRINGS = NO;
				SWIFT_VERSION = 5.0;
				TARGETED_DEVICE_FAMILY = "1,2";
				TEST_HOST = "$(BUILT_PRODUCTS_DIR)/SpeakAppDemo.app/$(BUNDLE_EXECUTABLE_FOLDER_PATH)/SpeakAppDemo";
			};
			name = Release;
		};
		43C21A8A2D3D3F48005FF689 /* Debug */ = {
			isa = XCBuildConfiguration;
			buildSettings = {
				CODE_SIGN_STYLE = Automatic;
				CURRENT_PROJECT_VERSION = 1;
				GENERATE_INFOPLIST_FILE = YES;
				MARKETING_VERSION = 1.0;
				PRODUCT_BUNDLE_IDENTIFIER = morevsavva.SpeakAppDemoUITests;
				PRODUCT_NAME = "$(TARGET_NAME)";
				SWIFT_EMIT_LOC_STRINGS = NO;
				SWIFT_VERSION = 5.0;
				TARGETED_DEVICE_FAMILY = "1,2";
				TEST_TARGET_NAME = SpeakAppDemo;
			};
			name = Debug;
		};
		43C21A8B2D3D3F48005FF689 /* Release */ = {
			isa = XCBuildConfiguration;
			buildSettings = {
				CODE_SIGN_STYLE = Automatic;
				CURRENT_PROJECT_VERSION = 1;
				GENERATE_INFOPLIST_FILE = YES;
				MARKETING_VERSION = 1.0;
				PRODUCT_BUNDLE_IDENTIFIER = morevsavva.SpeakAppDemoUITests;
				PRODUCT_NAME = "$(TARGET_NAME)";
				SWIFT_EMIT_LOC_STRINGS = NO;
				SWIFT_VERSION = 5.0;
				TARGETED_DEVICE_FAMILY = "1,2";
				TEST_TARGET_NAME = SpeakAppDemo;
			};
			name = Release;
		};
/* End XCBuildConfiguration section */

/* Begin XCConfigurationList section */
		43C21A5A2D3D3F46005FF689 /* Build configuration list for PBXProject "SpeakAppDemo" */ = {
			isa = XCConfigurationList;
			buildConfigurations = (
				43C21A812D3D3F48005FF689 /* Debug */,
				43C21A822D3D3F48005FF689 /* Release */,
			);
			defaultConfigurationIsVisible = 0;
			defaultConfigurationName = Release;
		};
		43C21A832D3D3F48005FF689 /* Build configuration list for PBXNativeTarget "SpeakAppDemo" */ = {
			isa = XCConfigurationList;
			buildConfigurations = (
				43C21A842D3D3F48005FF689 /* Debug */,
				43C21A852D3D3F48005FF689 /* Release */,
			);
			defaultConfigurationIsVisible = 0;
			defaultConfigurationName = Release;
		};
		43C21A862D3D3F48005FF689 /* Build configuration list for PBXNativeTarget "SpeakAppDemoTests" */ = {
			isa = XCConfigurationList;
			buildConfigurations = (
				43C21A872D3D3F48005FF689 /* Debug */,
				43C21A882D3D3F48005FF689 /* Release */,
			);
			defaultConfigurationIsVisible = 0;
			defaultConfigurationName = Release;
		};
		43C21A892D3D3F48005FF689 /* Build configuration list for PBXNativeTarget "SpeakAppDemoUITests" */ = {
			isa = XCConfigurationList;
			buildConfigurations = (
				43C21A8A2D3D3F48005FF689 /* Debug */,
				43C21A8B2D3D3F48005FF689 /* Release */,
			);
			defaultConfigurationIsVisible = 0;
			defaultConfigurationName = Release;
		};
/* End XCConfigurationList section */
	};
	rootObject = 43C21A572D3D3F46005FF689 /* Project object */;
}
